// !$*UTF8*$!
{
	archiveVersion = 1;
	classes = {
	};
	objectVersion = 56;
	objects = {

/* Begin PBXBuildFile section */
		C0CF9EE129EEEBBF001E0355 /* AppDelegate.swift in Sources */ = {isa = PBXBuildFile; fileRef = C0CF9EE029EEEBBF001E0355 /* AppDelegate.swift */; };
		C0CF9EE329EEEBBF001E0355 /* SceneDelegate.swift in Sources */ = {isa = PBXBuildFile; fileRef = C0CF9EE229EEEBBF001E0355 /* SceneDelegate.swift */; };
		C0CF9EE529EEEBBF001E0355 /* ViewController.swift in Sources */ = {isa = PBXBuildFile; fileRef = C0CF9EE429EEEBBF001E0355 /* ViewController.swift */; };
		C0CF9EE829EEEBBF001E0355 /* Main.storyboard in Resources */ = {isa = PBXBuildFile; fileRef = C0CF9EE629EEEBBF001E0355 /* Main.storyboard */; };
		C0CF9EEA29EEEBC0001E0355 /* Assets.xcassets in Resources */ = {isa = PBXBuildFile; fileRef = C0CF9EE929EEEBC0001E0355 /* Assets.xcassets */; };
		C0CF9EED29EEEBC0001E0355 /* LaunchScreen.storyboard in Resources */ = {isa = PBXBuildFile; fileRef = C0CF9EEB29EEEBC0001E0355 /* LaunchScreen.storyboard */; };
		C0CF9EFE29EF0583001E0355 /* DataInTableViewCell.swift in Sources */ = {isa = PBXBuildFile; fileRef = C0CF9EFC29EF0583001E0355 /* DataInTableViewCell.swift */; };
		C0CF9F0129EF0E42001E0355 /* DataFile.swift in Sources */ = {isa = PBXBuildFile; fileRef = C0CF9F0029EF0E42001E0355 /* DataFile.swift */; };
		C0CF9F0329F1BE4B001E0355 /* GlobalCall.swift in Sources */ = {isa = PBXBuildFile; fileRef = C0CF9F0229F1BE4B001E0355 /* GlobalCall.swift */; };
/* End PBXBuildFile section */

/* Begin PBXFileReference section */
		C0CF9EDD29EEEBBF001E0355 /* WisdomLeafAssignment.app */ = {isa = PBXFileReference; explicitFileType = wrapper.application; includeInIndex = 0; path = WisdomLeafAssignment.app; sourceTree = BUILT_PRODUCTS_DIR; };
		C0CF9EE029EEEBBF001E0355 /* AppDelegate.swift */ = {isa = PBXFileReference; lastKnownFileType = sourcecode.swift; path = AppDelegate.swift; sourceTree = "<group>"; };
		C0CF9EE229EEEBBF001E0355 /* SceneDelegate.swift */ = {isa = PBXFileReference; lastKnownFileType = sourcecode.swift; path = SceneDelegate.swift; sourceTree = "<group>"; };
		C0CF9EE429EEEBBF001E0355 /* ViewController.swift */ = {isa = PBXFileReference; lastKnownFileType = sourcecode.swift; path = ViewController.swift; sourceTree = "<group>"; };
		C0CF9EE729EEEBBF001E0355 /* Base */ = {isa = PBXFileReference; lastKnownFileType = file.storyboard; name = Base; path = Base.lproj/Main.storyboard; sourceTree = "<group>"; };
		C0CF9EE929EEEBC0001E0355 /* Assets.xcassets */ = {isa = PBXFileReference; lastKnownFileType = folder.assetcatalog; path = Assets.xcassets; sourceTree = "<group>"; };
		C0CF9EEC29EEEBC0001E0355 /* Base */ = {isa = PBXFileReference; lastKnownFileType = file.storyboard; name = Base; path = Base.lproj/LaunchScreen.storyboard; sourceTree = "<group>"; };
		C0CF9EEE29EEEBC0001E0355 /* Info.plist */ = {isa = PBXFileReference; lastKnownFileType = text.plist.xml; path = Info.plist; sourceTree = "<group>"; };
		C0CF9EFC29EF0583001E0355 /* DataInTableViewCell.swift */ = {isa = PBXFileReference; lastKnownFileType = sourcecode.swift; path = DataInTableViewCell.swift; sourceTree = "<group>"; };
		C0CF9F0029EF0E42001E0355 /* DataFile.swift */ = {isa = PBXFileReference; lastKnownFileType = sourcecode.swift; path = DataFile.swift; sourceTree = "<group>"; };
		C0CF9F0229F1BE4B001E0355 /* GlobalCall.swift */ = {isa = PBXFileReference; lastKnownFileType = sourcecode.swift; path = GlobalCall.swift; sourceTree = "<group>"; };
/* End PBXFileReference section */

/* Begin PBXFrameworksBuildPhase section */
		C0CF9EDA29EEEBBF001E0355 /* Frameworks */ = {
			isa = PBXFrameworksBuildPhase;
			buildActionMask = 2147483647;
			files = (
			);
			runOnlyForDeploymentPostprocessing = 0;
		};
/* End PBXFrameworksBuildPhase section */

/* Begin PBXGroup section */
		C0CF9ED429EEEBBF001E0355 = {
			isa = PBXGroup;
			children = (
				C0CF9EDF29EEEBBF001E0355 /* WisdomLeafAssignment */,
				C0CF9EDE29EEEBBF001E0355 /* Products */,
			);
			sourceTree = "<group>";
		};
		C0CF9EDE29EEEBBF001E0355 /* Products */ = {
			isa = PBXGroup;
			children = (
				C0CF9EDD29EEEBBF001E0355 /* WisdomLeafAssignment.app */,
			);
			name = Products;
			sourceTree = "<group>";
		};
		C0CF9EDF29EEEBBF001E0355 /* WisdomLeafAssignment */ = {
			isa = PBXGroup;
			children = (
				C0CF9EF929EF052F001E0355 /* TabelCell */,
				C0CF9EE029EEEBBF001E0355 /* AppDelegate.swift */,
				C0CF9EE229EEEBBF001E0355 /* SceneDelegate.swift */,
				C0CF9EE429EEEBBF001E0355 /* ViewController.swift */,
				C0CF9EE629EEEBBF001E0355 /* Main.storyboard */,
				C0CF9EE929EEEBC0001E0355 /* Assets.xcassets */,
				C0CF9EEB29EEEBC0001E0355 /* LaunchScreen.storyboard */,
				C0CF9EEE29EEEBC0001E0355 /* Info.plist */,
				C0CF9F0029EF0E42001E0355 /* DataFile.swift */,
				C0CF9F0229F1BE4B001E0355 /* GlobalCall.swift */,
			);
			path = WisdomLeafAssignment;
			sourceTree = "<group>";
		};
		C0CF9EF929EF052F001E0355 /* TabelCell */ = {
			isa = PBXGroup;
			children = (
				C0CF9EFC29EF0583001E0355 /* DataInTableViewCell.swift */,
			);
			path = TabelCell;
			sourceTree = "<group>";
		};
/* End PBXGroup section */

/* Begin PBXNativeTarget section */
		C0CF9EDC29EEEBBF001E0355 /* WisdomLeafAssignment */ = {
			isa = PBXNativeTarget;
			buildConfigurationList = C0CF9EF129EEEBC0001E0355 /* Build configuration list for PBXNativeTarget "WisdomLeafAssignment" */;
			buildPhases = (
				C0CF9ED929EEEBBF001E0355 /* Sources */,
				C0CF9EDA29EEEBBF001E0355 /* Frameworks */,
				C0CF9EDB29EEEBBF001E0355 /* Resources */,
			);
			buildRules = (
			);
			dependencies = (
			);
			name = WisdomLeafAssignment;
			productName = WisdomLeafAssignment;
			productReference = C0CF9EDD29EEEBBF001E0355 /* WisdomLeafAssignment.app */;
			productType = "com.apple.product-type.application";
		};
/* End PBXNativeTarget section */

/* Begin PBXProject section */
		C0CF9ED529EEEBBF001E0355 /* Project object */ = {
			isa = PBXProject;
			attributes = {
				BuildIndependentTargetsInParallel = 1;
				LastSwiftUpdateCheck = 1420;
				LastUpgradeCheck = 1420;
				TargetAttributes = {
					C0CF9EDC29EEEBBF001E0355 = {
						CreatedOnToolsVersion = 14.2;
					};
				};
			};
			buildConfigurationList = C0CF9ED829EEEBBF001E0355 /* Build configuration list for PBXProject "WisdomLeafAssignment" */;
			compatibilityVersion = "Xcode 14.0";
			developmentRegion = en;
			hasScannedForEncodings = 0;
			knownRegions = (
				en,
				Base,
			);
			mainGroup = C0CF9ED429EEEBBF001E0355;
			productRefGroup = C0CF9EDE29EEEBBF001E0355 /* Products */;
			projectDirPath = "";
			projectRoot = "";
			targets = (
				C0CF9EDC29EEEBBF001E0355 /* WisdomLeafAssignment */,
			);
		};
/* End PBXProject section */

/* Begin PBXResourcesBuildPhase section */
		C0CF9EDB29EEEBBF001E0355 /* Resources */ = {
			isa = PBXResourcesBuildPhase;
			buildActionMask = 2147483647;
			files = (
				C0CF9EED29EEEBC0001E0355 /* LaunchScreen.storyboard in Resources */,
				C0CF9EEA29EEEBC0001E0355 /* Assets.xcassets in Resources */,
				C0CF9EE829EEEBBF001E0355 /* Main.storyboard in Resources */,
			);
			runOnlyForDeploymentPostprocessing = 0;
		};
/* End PBXResourcesBuildPhase section */

/* Begin PBXSourcesBuildPhase section */
		C0CF9ED929EEEBBF001E0355 /* Sources */ = {
			isa = PBXSourcesBuildPhase;
			buildActionMask = 2147483647;
			files = (
				C0CF9EFE29EF0583001E0355 /* DataInTableViewCell.swift in Sources */,
				C0CF9EE529EEEBBF001E0355 /* ViewController.swift in Sources */,
				C0CF9F0329F1BE4B001E0355 /* GlobalCall.swift in Sources */,
				C0CF9EE129EEEBBF001E0355 /* AppDelegate.swift in Sources */,
				C0CF9EE329EEEBBF001E0355 /* SceneDelegate.swift in Sources */,
				C0CF9F0129EF0E42001E0355 /* DataFile.swift in Sources */,
			);
			runOnlyForDeploymentPostprocessing = 0;
		};
/* End PBXSourcesBuildPhase section */

/* Begin PBXVariantGroup section */
		C0CF9EE629EEEBBF001E0355 /* Main.storyboard */ = {
			isa = PBXVariantGroup;
			children = (
				C0CF9EE729EEEBBF001E0355 /* Base */,
			);
			name = Main.storyboard;
			sourceTree = "<group>";
		};
		C0CF9EEB29EEEBC0001E0355 /* LaunchScreen.storyboard */ = {
			isa = PBXVariantGroup;
			children = (
				C0CF9EEC29EEEBC0001E0355 /* Base */,
			);
			name = LaunchScreen.storyboard;
			sourceTree = "<group>";
		};
/* End PBXVariantGroup section */

/* Begin XCBuildConfiguration section */
		C0CF9EEF29EEEBC0001E0355 /* Debug */ = {
			isa = XCBuildConfiguration;
			buildSettings = {
				ALWAYS_SEARCH_USER_PATHS = NO;
				CLANG_ANALYZER_NONNULL = YES;
				CLANG_ANALYZER_NUMBER_OBJECT_CONVERSION = YES_AGGRESSIVE;
				CLANG_CXX_LANGUAGE_STANDARD = "gnu++20";
				CLANG_ENABLE_MODULES = YES;
				CLANG_ENABLE_OBJC_ARC = YES;
				CLANG_ENABLE_OBJC_WEAK = YES;
				CLANG_WARN_BLOCK_CAPTURE_AUTORELEASING = YES;
				CLANG_WARN_BOOL_CONVERSION = YES;
				CLANG_WARN_COMMA = YES;
				CLANG_WARN_CONSTANT_CONVERSION = YES;
				CLANG_WARN_DEPRECATED_OBJC_IMPLEMENTATIONS = YES;
				CLANG_WARN_DIRECT_OBJC_ISA_USAGE = YES_ERROR;
				CLANG_WARN_DOCUMENTATION_COMMENTS = YES;
				CLANG_WARN_EMPTY_BODY = YES;
				CLANG_WARN_ENUM_CONVERSION = YES;
				CLANG_WARN_INFINITE_RECURSION = YES;
				CLANG_WARN_INT_CONVERSION = YES;
				CLANG_WARN_NON_LITERAL_NULL_CONVERSION = YES;
				CLANG_WARN_OBJC_IMPLICIT_RETAIN_SELF = YES;
				CLANG_WARN_OBJC_LITERAL_CONVERSION = YES;
				CLANG_WARN_OBJC_ROOT_CLASS = YES_ERROR;
				CLANG_WARN_QUOTED_INCLUDE_IN_FRAMEWORK_HEADER = YES;
				CLANG_WARN_RANGE_LOOP_ANALYSIS = YES;
				CLANG_WARN_STRICT_PROTOTYPES = YES;
				CLANG_WARN_SUSPICIOUS_MOVE = YES;
				CLANG_WARN_UNGUARDED_AVAILABILITY = YES_AGGRESSIVE;
				CLANG_WARN_UNREACHABLE_CODE = YES;
				CLANG_WARN__DUPLICATE_METHOD_MATCH = YES;
				COPY_PHASE_STRIP = NO;
				DEBUG_INFORMATION_FORMAT = dwarf;
				ENABLE_STRICT_OBJC_MSGSEND = YES;
				ENABLE_TESTABILITY = YES;
				GCC_C_LANGUAGE_STANDARD = gnu11;
				GCC_DYNAMIC_NO_PIC = NO;
				GCC_NO_COMMON_BLOCKS = YES;
				GCC_OPTIMIZATION_LEVEL = 0;
				GCC_PREPROCESSOR_DEFINITIONS = (
					"DEBUG=1",
					"$(inherited)",
				);
				GCC_WARN_64_TO_32_BIT_CONVERSION = YES;
				GCC_WARN_ABOUT_RETURN_TYPE = YES_ERROR;
				GCC_WARN_UNDECLARED_SELECTOR = YES;
				GCC_WARN_UNINITIALIZED_AUTOS = YES_AGGRESSIVE;
				GCC_WARN_UNUSED_FUNCTION = YES;
				GCC_WARN_UNUSED_VARIABLE = YES;
				IPHONEOS_DEPLOYMENT_TARGET = 16.2;
				MTL_ENABLE_DEBUG_INFO = INCLUDE_SOURCE;
				MTL_FAST_MATH = YES;
				ONLY_ACTIVE_ARCH = YES;
				SDKROOT = iphoneos;
				SWIFT_ACTIVE_COMPILATION_CONDITIONS = DEBUG;
				SWIFT_OPTIMIZATION_LEVEL = "-Onone";
			};
			name = Debug;
		};
		C0CF9EF029EEEBC0001E0355 /* Release */ = {
			isa = XCBuildConfiguration;
			buildSettings = {
				ALWAYS_SEARCH_USER_PATHS = NO;
				CLANG_ANALYZER_NONNULL = YES;
				CLANG_ANALYZER_NUMBER_OBJECT_CONVERSION = YES_AGGRESSIVE;
				CLANG_CXX_LANGUAGE_STANDARD = "gnu++20";
				CLANG_ENABLE_MODULES = YES;
				CLANG_ENABLE_OBJC_ARC = YES;
				CLANG_ENABLE_OBJC_WEAK = YES;
				CLANG_WARN_BLOCK_CAPTURE_AUTORELEASING = YES;
				CLANG_WARN_BOOL_CONVERSION = YES;
				CLANG_WARN_COMMA = YES;
				CLANG_WARN_CONSTANT_CONVERSION = YES;
				CLANG_WARN_DEPRECATED_OBJC_IMPLEMENTATIONS = YES;
				CLANG_WARN_DIRECT_OBJC_ISA_USAGE = YES_ERROR;
				CLANG_WARN_DOCUMENTATION_COMMENTS = YES;
				CLANG_WARN_EMPTY_BODY = YES;
				CLANG_WARN_ENUM_CONVERSION = YES;
				CLANG_WARN_INFINITE_RECURSION = YES;
				CLANG_WARN_INT_CONVERSION = YES;
				CLANG_WARN_NON_LITERAL_NULL_CONVERSION = YES;
				CLANG_WARN_OBJC_IMPLICIT_RETAIN_SELF = YES;
				CLANG_WARN_OBJC_LITERAL_CONVERSION = YES;
				CLANG_WARN_OBJC_ROOT_CLASS = YES_ERROR;
				CLANG_WARN_QUOTED_INCLUDE_IN_FRAMEWORK_HEADER = YES;
				CLANG_WARN_RANGE_LOOP_ANALYSIS = YES;
				CLANG_WARN_STRICT_PROTOTYPES = YES;
				CLANG_WARN_SUSPICIOUS_MOVE = YES;
				CLANG_WARN_UNGUARDED_AVAILABILITY = YES_AGGRESSIVE;
				CLANG_WARN_UNREACHABLE_CODE = YES;
				CLANG_WARN__DUPLICATE_METHOD_MATCH = YES;
				COPY_PHASE_STRIP = NO;
				DEBUG_INFORMATION_FORMAT = "dwarf-with-dsym";
				ENABLE_NS_ASSERTIONS = NO;
				ENABLE_STRICT_OBJC_MSGSEND = YES;
				GCC_C_LANGUAGE_STANDARD = gnu11;
				GCC_NO_COMMON_BLOCKS = YES;
				GCC_WARN_64_TO_32_BIT_CONVERSION = YES;
				GCC_WARN_ABOUT_RETURN_TYPE = YES_ERROR;
				GCC_WARN_UNDECLARED_SELECTOR = YES;
				GCC_WARN_UNINITIALIZED_AUTOS = YES_AGGRESSIVE;
				GCC_WARN_UNUSED_FUNCTION = YES;
				GCC_WARN_UNUSED_VARIABLE = YES;
				IPHONEOS_DEPLOYMENT_TARGET = 16.2;
				MTL_ENABLE_DEBUG_INFO = NO;
				MTL_FAST_MATH = YES;
				SDKROOT = iphoneos;
				SWIFT_COMPILATION_MODE = wholemodule;
				SWIFT_OPTIMIZATION_LEVEL = "-O";
				VALIDATE_PRODUCT = YES;
			};
			name = Release;
		};
		C0CF9EF229EEEBC0001E0355 /* Debug */ = {
			isa = XCBuildConfiguration;
			buildSettings = {
				ASSETCATALOG_COMPILER_APPICON_NAME = AppIcon;
				ASSETCATALOG_COMPILER_GLOBAL_ACCENT_COLOR_NAME = AccentColor;
				CODE_SIGN_STYLE = Automatic;
				CURRENT_PROJECT_VERSION = 1;
				GENERATE_INFOPLIST_FILE = YES;
				INFOPLIST_FILE = WisdomLeafAssignment/Info.plist;
				INFOPLIST_KEY_UIApplicationSupportsIndirectInputEvents = YES;
				INFOPLIST_KEY_UILaunchStoryboardName = LaunchScreen;
				INFOPLIST_KEY_UIMainStoryboardFile = Main;
				INFOPLIST_KEY_UISupportedInterfaceOrientations_iPad = "UIInterfaceOrientationPortrait UIInterfaceOrientationPortraitUpsideDown UIInterfaceOrientationLandscapeLeft UIInterfaceOrientationLandscapeRight";
				INFOPLIST_KEY_UISupportedInterfaceOrientations_iPhone = "UIInterfaceOrientationPortrait UIInterfaceOrientationLandscapeLeft UIInterfaceOrientationLandscapeRight";
				LD_RUNPATH_SEARCH_PATHS = (
					"$(inherited)",
					"@executable_path/Frameworks",
				);
				MARKETING_VERSION = 1.0;
				PRODUCT_BUNDLE_IDENTIFIER = com.vaishnavi.WisdomLeafAssignment;
				PRODUCT_NAME = "$(TARGET_NAME)";
				SWIFT_EMIT_LOC_STRINGS = YES;
				SWIFT_VERSION = 5.0;
				TARGETED_DEVICE_FAMILY = "1,2";
			};
			name = Debug;
		};
		C0CF9EF329EEEBC0001E0355 /* Release */ = {
			isa = XCBuildConfiguration;
			buildSettings = {
				ASSETCATALOG_COMPILER_APPICON_NAME = AppIcon;
				ASSETCATALOG_COMPILER_GLOBAL_ACCENT_COLOR_NAME = AccentColor;
				CODE_SIGN_STYLE = Automatic;
				CURRENT_PROJECT_VERSION = 1;
				GENERATE_INFOPLIST_FILE = YES;
				INFOPLIST_FILE = WisdomLeafAssignment/Info.plist;
				INFOPLIST_KEY_UIApplicationSupportsIndirectInputEvents = YES;
				INFOPLIST_KEY_UILaunchStoryboardName = LaunchScreen;
				INFOPLIST_KEY_UIMainStoryboardFile = Main;
				INFOPLIST_KEY_UISupportedInterfaceOrientations_iPad = "UIInterfaceOrientationPortrait UIInterfaceOrientationPortraitUpsideDown UIInterfaceOrientationLandscapeLeft UIInterfaceOrientationLandscapeRight";
				INFOPLIST_KEY_UISupportedInterfaceOrientations_iPhone = "UIInterfaceOrientationPortrait UIInterfaceOrientationLandscapeLeft UIInterfaceOrientationLandscapeRight";
				LD_RUNPATH_SEARCH_PATHS = (
					"$(inherited)",
					"@executable_path/Frameworks",
				);
				MARKETING_VERSION = 1.0;
				PRODUCT_BUNDLE_IDENTIFIER = com.vaishnavi.WisdomLeafAssignment;
				PRODUCT_NAME = "$(TARGET_NAME)";
				SWIFT_EMIT_LOC_STRINGS = YES;
				SWIFT_VERSION = 5.0;
				TARGETED_DEVICE_FAMILY = "1,2";
			};
			name = Release;
		};
/* End XCBuildConfiguration section */

/* Begin XCConfigurationList section */
		C0CF9ED829EEEBBF001E0355 /* Build configuration list for PBXProject "WisdomLeafAssignment" */ = {
			isa = XCConfigurationList;
			buildConfigurations = (
				C0CF9EEF29EEEBC0001E0355 /* Debug */,
				C0CF9EF029EEEBC0001E0355 /* Release */,
			);
			defaultConfigurationIsVisible = 0;
			defaultConfigurationName = Release;
		};
		C0CF9EF129EEEBC0001E0355 /* Build configuration list for PBXNativeTarget "WisdomLeafAssignment" */ = {
			isa = XCConfigurationList;
			buildConfigurations = (
				C0CF9EF229EEEBC0001E0355 /* Debug */,
				C0CF9EF329EEEBC0001E0355 /* Release */,
			);
			defaultConfigurationIsVisible = 0;
			defaultConfigurationName = Release;
		};
/* End XCConfigurationList section */
	};
	rootObject = C0CF9ED529EEEBBF001E0355 /* Project object */;
}
